
Microsoft Visual Studio Solution File, Format Version 12.00
# Visual Studio Version 16
VisualStudioVersion = 16.0.30804.86
MinimumVisualStudioVersion = 10.0.40219.1
Project("{FAE04EC0-301F-11D3-BF4B-00C04F79EFBC}") = "Training", "Training\Training.csproj", "{8038753C-A983-4197-A9DE-F111F7C0F0A4}"
EndProject
Global
	GlobalSection(SolutionConfigurationPlatforms) = preSolution
		Debug|Any CPU = Debug|Any CPU
		Release|Any CPU = Release|Any CPU
	EndGlobalSection
	GlobalSection(ProjectConfigurationPlatforms) = postSolution
		{8038753C-A983-4197-A9DE-F111F7C0F0A4}.Debug|Any CPU.ActiveCfg = Debug|Any CPU
		{8038753C-A983-4197-A9DE-F111F7C0F0A4}.Debug|Any CPU.Build.0 = Debug|Any CPU
		{8038753C-A983-4197-A9DE-F111F7C0F0A4}.Release|Any CPU.ActiveCfg = Release|Any CPU
		{8038753C-A983-4197-A9DE-F111F7C0F0A4}.Release|Any CPU.Build.0 = Release|Any CPU
	EndGlobalSection
	GlobalSection(SolutionProperties) = preSolution
		HideSolutionNode = FALSE
	EndGlobalSection
	GlobalSection(ExtensibilityGlobals) = postSolution
		SolutionGuid = {29350F8E-8FB8-4D91-AFFE-74A9303A4FF4}
	EndGlobalSection
EndGlobal
